
Microsoft Visual Studio Solution File, Format Version 12.00
# Visual Studio Version 16
VisualStudioVersion = 16.0.28729.10
MinimumVisualStudioVersion = 15.0.26124.0
Project("{2150E333-8FDC-42A3-9474-1A3956D46DE8}") = "Solution items", "Solution items", "{C8F16EAA-1FAD-4836-8874-1C9998F5D908}"
	ProjectSection(SolutionItems) = preProject
		.editorconfig = .editorconfig
		run.ps1 = run.ps1
	EndProjectSection
EndProject
Project("{2150E333-8FDC-42A3-9474-1A3956D46DE8}") = "EEV.ServiceDiscovery", "EEV.ServiceDiscovery", "{5DF30FDE-DD8B-4891-B9CA-02B3C4F97E07}"
EndProject
Project("{2150E333-8FDC-42A3-9474-1A3956D46DE8}") = "EEV.ProjectName", "EEV.ProjectName", "{08907AFA-D916-42A8-B9D7-25B7AB487377}"
EndProject
Project("{2150E333-8FDC-42A3-9474-1A3956D46DE8}") = "API", "API", "{292D22FB-EA31-4466-9E17-570E9CC51888}"
EndProject
Project("{2150E333-8FDC-42A3-9474-1A3956D46DE8}") = "Client", "Client", "{77387135-8905-4C2E-B853-F8BFDC78628D}"
EndProject
Project("{2150E333-8FDC-42A3-9474-1A3956D46DE8}") = "EEV.Authentication", "EEV.Authentication", "{0DDCE1B1-02D9-4416-8E93-CEABB1401F31}"
EndProject
Project("{2150E333-8FDC-42A3-9474-1A3956D46DE8}") = "API", "API", "{07DE910E-A026-4DAB-ACAC-6637778FBB1A}"
EndProject
Project("{2150E333-8FDC-42A3-9474-1A3956D46DE8}") = "Client", "Client", "{5A24DBAE-5137-4CC6-BCED-A89206B604E8}"
EndProject
Project("{9A19103F-16F7-4668-BE54-9A1E7A4F7556}") = "EEV.ProjectName.Host", "EEV.ProjectName\src\EEV.ProjectName.Host\EEV.ProjectName.Host.csproj", "{09891285-93A0-486E-AC39-2922B8FE977A}"
EndProject
Project("{9A19103F-16F7-4668-BE54-9A1E7A4F7556}") = "EEV.ProjectName.API", "EEV.ProjectName\src\EEV.ProjectName.API\EEV.ProjectName.API.csproj", "{36FEC556-2A1E-4B90-BBA8-4F269AE63A0A}"
EndProject
Project("{9A19103F-16F7-4668-BE54-9A1E7A4F7556}") = "EEV.ProjectName.API.DI", "EEV.ProjectName\src\EEV.ProjectName.API.DI\EEV.ProjectName.API.DI.csproj", "{1ECF1DE5-49C8-4EFC-B3D0-95F0A9CEE5C0}"
EndProject
Project("{9A19103F-16F7-4668-BE54-9A1E7A4F7556}") = "EEV.ServiceDiscovery.API", "EEV.ServiceDiscovery\src\EEV.ServiceDiscovery.API\EEV.ServiceDiscovery.API.csproj", "{8436E3C7-8B46-4AE7-A320-EE51D75AD446}"
EndProject
Project("{9A19103F-16F7-4668-BE54-9A1E7A4F7556}") = "EEV.ServiceDiscovery.API.DI", "EEV.ServiceDiscovery\src\EEV.ServiceDiscovery.API.DI\EEV.ServiceDiscovery.API.DI.csproj", "{42E7D187-A860-4749-88EE-D7A0A8D7E28D}"
EndProject
Project("{9A19103F-16F7-4668-BE54-9A1E7A4F7556}") = "EEV.ServiceDiscovery.Client", "EEV.ServiceDiscovery\src\EEV.ServiceDiscovery.Client\EEV.ServiceDiscovery.Client.csproj", "{B04FAC69-4970-4E2B-93F3-74F137435085}"
EndProject
Project("{9A19103F-16F7-4668-BE54-9A1E7A4F7556}") = "EEV.ServiceDiscovery.Client.DI", "EEV.ServiceDiscovery\src\EEV.ServiceDiscovery.Client.DI\EEV.ServiceDiscovery.Client.DI.csproj", "{79CADEAA-DF40-419E-84FE-7CCE2A9BC534}"
EndProject
Project("{9A19103F-16F7-4668-BE54-9A1E7A4F7556}") = "EEV.ServiceDiscovery.Host", "EEV.ServiceDiscovery\src\EEV.ServiceDiscovery.Host\EEV.ServiceDiscovery.Host.csproj", "{E2AD1237-BB2A-48BC-87CD-3304A6BD5C35}"
EndProject
Project("{9A19103F-16F7-4668-BE54-9A1E7A4F7556}") = "EEV.Authentication.API", "EEV.Authentication\src\EEV.Authentication.API\EEV.Authentication.API.csproj", "{66BBF6F2-0DCA-4474-B208-03F89ADF566D}"
EndProject
Project("{9A19103F-16F7-4668-BE54-9A1E7A4F7556}") = "EEV.Authentication.API.DI", "EEV.Authentication\src\EEV.Authentication.API.DI\EEV.Authentication.API.DI.csproj", "{4650F88E-EAD6-4C37-AA71-998F7CB29B40}"
EndProject
Project("{9A19103F-16F7-4668-BE54-9A1E7A4F7556}") = "EEV.Authentication.Host", "EEV.Authentication\src\EEV.Authentication.Host\EEV.Authentication.Host.csproj", "{8DCB42B5-8FA9-41FA-A4D3-B5BF694A9C35}"
EndProject
Project("{9A19103F-16F7-4668-BE54-9A1E7A4F7556}") = "EEV.Authentication.Client", "EEV.Authentication\src\EEV.Authentication.Client\EEV.Authentication.Client.csproj", "{4756F56B-6960-4395-B3C1-324E18BB0AFE}"
EndProject
Project("{9A19103F-16F7-4668-BE54-9A1E7A4F7556}") = "EEV.Authentication.Client.DI", "EEV.Authentication\src\EEV.Authentication.Client.DI\EEV.Authentication.Client.DI.csproj", "{4ECBF1FA-E7FC-4164-96F1-A17C7B774814}"
EndProject
Global
	GlobalSection(SolutionConfigurationPlatforms) = preSolution
		Debug|Any CPU = Debug|Any CPU
		Debug|x64 = Debug|x64
		Debug|x86 = Debug|x86
		Release|Any CPU = Release|Any CPU
		Release|x64 = Release|x64
		Release|x86 = Release|x86
	EndGlobalSection
	GlobalSection(ProjectConfigurationPlatforms) = postSolution
		{09891285-93A0-486E-AC39-2922B8FE977A}.Debug|Any CPU.ActiveCfg = Debug|Any CPU
		{09891285-93A0-486E-AC39-2922B8FE977A}.Debug|Any CPU.Build.0 = Debug|Any CPU
		{09891285-93A0-486E-AC39-2922B8FE977A}.Debug|x64.ActiveCfg = Debug|Any CPU
		{09891285-93A0-486E-AC39-2922B8FE977A}.Debug|x64.Build.0 = Debug|Any CPU
		{09891285-93A0-486E-AC39-2922B8FE977A}.Debug|x86.ActiveCfg = Debug|Any CPU
		{09891285-93A0-486E-AC39-2922B8FE977A}.Debug|x86.Build.0 = Debug|Any CPU
		{09891285-93A0-486E-AC39-2922B8FE977A}.Release|Any CPU.ActiveCfg = Release|Any CPU
		{09891285-93A0-486E-AC39-2922B8FE977A}.Release|Any CPU.Build.0 = Release|Any CPU
		{09891285-93A0-486E-AC39-2922B8FE977A}.Release|x64.ActiveCfg = Release|Any CPU
		{09891285-93A0-486E-AC39-2922B8FE977A}.Release|x64.Build.0 = Release|Any CPU
		{09891285-93A0-486E-AC39-2922B8FE977A}.Release|x86.ActiveCfg = Release|Any CPU
		{09891285-93A0-486E-AC39-2922B8FE977A}.Release|x86.Build.0 = Release|Any CPU
		{36FEC556-2A1E-4B90-BBA8-4F269AE63A0A}.Debug|Any CPU.ActiveCfg = Debug|Any CPU
		{36FEC556-2A1E-4B90-BBA8-4F269AE63A0A}.Debug|Any CPU.Build.0 = Debug|Any CPU
		{36FEC556-2A1E-4B90-BBA8-4F269AE63A0A}.Debug|x64.ActiveCfg = Debug|Any CPU
		{36FEC556-2A1E-4B90-BBA8-4F269AE63A0A}.Debug|x64.Build.0 = Debug|Any CPU
		{36FEC556-2A1E-4B90-BBA8-4F269AE63A0A}.Debug|x86.ActiveCfg = Debug|Any CPU
		{36FEC556-2A1E-4B90-BBA8-4F269AE63A0A}.Debug|x86.Build.0 = Debug|Any CPU
		{36FEC556-2A1E-4B90-BBA8-4F269AE63A0A}.Release|Any CPU.ActiveCfg = Release|Any CPU
		{36FEC556-2A1E-4B90-BBA8-4F269AE63A0A}.Release|Any CPU.Build.0 = Release|Any CPU
		{36FEC556-2A1E-4B90-BBA8-4F269AE63A0A}.Release|x64.ActiveCfg = Release|Any CPU
		{36FEC556-2A1E-4B90-BBA8-4F269AE63A0A}.Release|x64.Build.0 = Release|Any CPU
		{36FEC556-2A1E-4B90-BBA8-4F269AE63A0A}.Release|x86.ActiveCfg = Release|Any CPU
		{36FEC556-2A1E-4B90-BBA8-4F269AE63A0A}.Release|x86.Build.0 = Release|Any CPU
		{1ECF1DE5-49C8-4EFC-B3D0-95F0A9CEE5C0}.Debug|Any CPU.ActiveCfg = Debug|Any CPU
		{1ECF1DE5-49C8-4EFC-B3D0-95F0A9CEE5C0}.Debug|Any CPU.Build.0 = Debug|Any CPU
		{1ECF1DE5-49C8-4EFC-B3D0-95F0A9CEE5C0}.Debug|x64.ActiveCfg = Debug|Any CPU
		{1ECF1DE5-49C8-4EFC-B3D0-95F0A9CEE5C0}.Debug|x64.Build.0 = Debug|Any CPU
		{1ECF1DE5-49C8-4EFC-B3D0-95F0A9CEE5C0}.Debug|x86.ActiveCfg = Debug|Any CPU
		{1ECF1DE5-49C8-4EFC-B3D0-95F0A9CEE5C0}.Debug|x86.Build.0 = Debug|Any CPU
		{1ECF1DE5-49C8-4EFC-B3D0-95F0A9CEE5C0}.Release|Any CPU.ActiveCfg = Release|Any CPU
		{1ECF1DE5-49C8-4EFC-B3D0-95F0A9CEE5C0}.Release|Any CPU.Build.0 = Release|Any CPU
		{1ECF1DE5-49C8-4EFC-B3D0-95F0A9CEE5C0}.Release|x64.ActiveCfg = Release|Any CPU
		{1ECF1DE5-49C8-4EFC-B3D0-95F0A9CEE5C0}.Release|x64.Build.0 = Release|Any CPU
		{1ECF1DE5-49C8-4EFC-B3D0-95F0A9CEE5C0}.Release|x86.ActiveCfg = Release|Any CPU
		{1ECF1DE5-49C8-4EFC-B3D0-95F0A9CEE5C0}.Release|x86.Build.0 = Release|Any CPU
		{8436E3C7-8B46-4AE7-A320-EE51D75AD446}.Debug|Any CPU.ActiveCfg = Debug|Any CPU
		{8436E3C7-8B46-4AE7-A320-EE51D75AD446}.Debug|Any CPU.Build.0 = Debug|Any CPU
		{8436E3C7-8B46-4AE7-A320-EE51D75AD446}.Debug|x64.ActiveCfg = Debug|Any CPU
		{8436E3C7-8B46-4AE7-A320-EE51D75AD446}.Debug|x64.Build.0 = Debug|Any CPU
		{8436E3C7-8B46-4AE7-A320-EE51D75AD446}.Debug|x86.ActiveCfg = Debug|Any CPU
		{8436E3C7-8B46-4AE7-A320-EE51D75AD446}.Debug|x86.Build.0 = Debug|Any CPU
		{8436E3C7-8B46-4AE7-A320-EE51D75AD446}.Release|Any CPU.ActiveCfg = Release|Any CPU
		{8436E3C7-8B46-4AE7-A320-EE51D75AD446}.Release|Any CPU.Build.0 = Release|Any CPU
		{8436E3C7-8B46-4AE7-A320-EE51D75AD446}.Release|x64.ActiveCfg = Release|Any CPU
		{8436E3C7-8B46-4AE7-A320-EE51D75AD446}.Release|x64.Build.0 = Release|Any CPU
		{8436E3C7-8B46-4AE7-A320-EE51D75AD446}.Release|x86.ActiveCfg = Release|Any CPU
		{8436E3C7-8B46-4AE7-A320-EE51D75AD446}.Release|x86.Build.0 = Release|Any CPU
		{42E7D187-A860-4749-88EE-D7A0A8D7E28D}.Debug|Any CPU.ActiveCfg = Debug|Any CPU
		{42E7D187-A860-4749-88EE-D7A0A8D7E28D}.Debug|Any CPU.Build.0 = Debug|Any CPU
		{42E7D187-A860-4749-88EE-D7A0A8D7E28D}.Debug|x64.ActiveCfg = Debug|Any CPU
		{42E7D187-A860-4749-88EE-D7A0A8D7E28D}.Debug|x64.Build.0 = Debug|Any CPU
		{42E7D187-A860-4749-88EE-D7A0A8D7E28D}.Debug|x86.ActiveCfg = Debug|Any CPU
		{42E7D187-A860-4749-88EE-D7A0A8D7E28D}.Debug|x86.Build.0 = Debug|Any CPU
		{42E7D187-A860-4749-88EE-D7A0A8D7E28D}.Release|Any CPU.ActiveCfg = Release|Any CPU
		{42E7D187-A860-4749-88EE-D7A0A8D7E28D}.Release|Any CPU.Build.0 = Release|Any CPU
		{42E7D187-A860-4749-88EE-D7A0A8D7E28D}.Release|x64.ActiveCfg = Release|Any CPU
		{42E7D187-A860-4749-88EE-D7A0A8D7E28D}.Release|x64.Build.0 = Release|Any CPU
		{42E7D187-A860-4749-88EE-D7A0A8D7E28D}.Release|x86.ActiveCfg = Release|Any CPU
		{42E7D187-A860-4749-88EE-D7A0A8D7E28D}.Release|x86.Build.0 = Release|Any CPU
		{B04FAC69-4970-4E2B-93F3-74F137435085}.Debug|Any CPU.ActiveCfg = Debug|Any CPU
		{B04FAC69-4970-4E2B-93F3-74F137435085}.Debug|Any CPU.Build.0 = Debug|Any CPU
		{B04FAC69-4970-4E2B-93F3-74F137435085}.Debug|x64.ActiveCfg = Debug|Any CPU
		{B04FAC69-4970-4E2B-93F3-74F137435085}.Debug|x64.Build.0 = Debug|Any CPU
		{B04FAC69-4970-4E2B-93F3-74F137435085}.Debug|x86.ActiveCfg = Debug|Any CPU
		{B04FAC69-4970-4E2B-93F3-74F137435085}.Debug|x86.Build.0 = Debug|Any CPU
		{B04FAC69-4970-4E2B-93F3-74F137435085}.Release|Any CPU.ActiveCfg = Release|Any CPU
		{B04FAC69-4970-4E2B-93F3-74F137435085}.Release|Any CPU.Build.0 = Release|Any CPU
		{B04FAC69-4970-4E2B-93F3-74F137435085}.Release|x64.ActiveCfg = Release|Any CPU
		{B04FAC69-4970-4E2B-93F3-74F137435085}.Release|x64.Build.0 = Release|Any CPU
		{B04FAC69-4970-4E2B-93F3-74F137435085}.Release|x86.ActiveCfg = Release|Any CPU
		{B04FAC69-4970-4E2B-93F3-74F137435085}.Release|x86.Build.0 = Release|Any CPU
		{79CADEAA-DF40-419E-84FE-7CCE2A9BC534}.Debug|Any CPU.ActiveCfg = Debug|Any CPU
		{79CADEAA-DF40-419E-84FE-7CCE2A9BC534}.Debug|Any CPU.Build.0 = Debug|Any CPU
		{79CADEAA-DF40-419E-84FE-7CCE2A9BC534}.Debug|x64.ActiveCfg = Debug|Any CPU
		{79CADEAA-DF40-419E-84FE-7CCE2A9BC534}.Debug|x64.Build.0 = Debug|Any CPU
		{79CADEAA-DF40-419E-84FE-7CCE2A9BC534}.Debug|x86.ActiveCfg = Debug|Any CPU
		{79CADEAA-DF40-419E-84FE-7CCE2A9BC534}.Debug|x86.Build.0 = Debug|Any CPU
		{79CADEAA-DF40-419E-84FE-7CCE2A9BC534}.Release|Any CPU.ActiveCfg = Release|Any CPU
		{79CADEAA-DF40-419E-84FE-7CCE2A9BC534}.Release|Any CPU.Build.0 = Release|Any CPU
		{79CADEAA-DF40-419E-84FE-7CCE2A9BC534}.Release|x64.ActiveCfg = Release|Any CPU
		{79CADEAA-DF40-419E-84FE-7CCE2A9BC534}.Release|x64.Build.0 = Release|Any CPU
		{79CADEAA-DF40-419E-84FE-7CCE2A9BC534}.Release|x86.ActiveCfg = Release|Any CPU
		{79CADEAA-DF40-419E-84FE-7CCE2A9BC534}.Release|x86.Build.0 = Release|Any CPU
		{E2AD1237-BB2A-48BC-87CD-3304A6BD5C35}.Debug|Any CPU.ActiveCfg = Debug|Any CPU
		{E2AD1237-BB2A-48BC-87CD-3304A6BD5C35}.Debug|Any CPU.Build.0 = Debug|Any CPU
		{E2AD1237-BB2A-48BC-87CD-3304A6BD5C35}.Debug|x64.ActiveCfg = Debug|Any CPU
		{E2AD1237-BB2A-48BC-87CD-3304A6BD5C35}.Debug|x64.Build.0 = Debug|Any CPU
		{E2AD1237-BB2A-48BC-87CD-3304A6BD5C35}.Debug|x86.ActiveCfg = Debug|Any CPU
		{E2AD1237-BB2A-48BC-87CD-3304A6BD5C35}.Debug|x86.Build.0 = Debug|Any CPU
		{E2AD1237-BB2A-48BC-87CD-3304A6BD5C35}.Release|Any CPU.ActiveCfg = Release|Any CPU
		{E2AD1237-BB2A-48BC-87CD-3304A6BD5C35}.Release|Any CPU.Build.0 = Release|Any CPU
		{E2AD1237-BB2A-48BC-87CD-3304A6BD5C35}.Release|x64.ActiveCfg = Release|Any CPU
		{E2AD1237-BB2A-48BC-87CD-3304A6BD5C35}.Release|x64.Build.0 = Release|Any CPU
		{E2AD1237-BB2A-48BC-87CD-3304A6BD5C35}.Release|x86.ActiveCfg = Release|Any CPU
		{E2AD1237-BB2A-48BC-87CD-3304A6BD5C35}.Release|x86.Build.0 = Release|Any CPU
		{66BBF6F2-0DCA-4474-B208-03F89ADF566D}.Debug|Any CPU.ActiveCfg = Debug|Any CPU
		{66BBF6F2-0DCA-4474-B208-03F89ADF566D}.Debug|Any CPU.Build.0 = Debug|Any CPU
		{66BBF6F2-0DCA-4474-B208-03F89ADF566D}.Debug|x64.ActiveCfg = Debug|Any CPU
		{66BBF6F2-0DCA-4474-B208-03F89ADF566D}.Debug|x64.Build.0 = Debug|Any CPU
		{66BBF6F2-0DCA-4474-B208-03F89ADF566D}.Debug|x86.ActiveCfg = Debug|Any CPU
		{66BBF6F2-0DCA-4474-B208-03F89ADF566D}.Debug|x86.Build.0 = Debug|Any CPU
		{66BBF6F2-0DCA-4474-B208-03F89ADF566D}.Release|Any CPU.ActiveCfg = Release|Any CPU
		{66BBF6F2-0DCA-4474-B208-03F89ADF566D}.Release|Any CPU.Build.0 = Release|Any CPU
		{66BBF6F2-0DCA-4474-B208-03F89ADF566D}.Release|x64.ActiveCfg = Release|Any CPU
		{66BBF6F2-0DCA-4474-B208-03F89ADF566D}.Release|x64.Build.0 = Release|Any CPU
		{66BBF6F2-0DCA-4474-B208-03F89ADF566D}.Release|x86.ActiveCfg = Release|Any CPU
		{66BBF6F2-0DCA-4474-B208-03F89ADF566D}.Release|x86.Build.0 = Release|Any CPU
		{4650F88E-EAD6-4C37-AA71-998F7CB29B40}.Debug|Any CPU.ActiveCfg = Debug|Any CPU
		{4650F88E-EAD6-4C37-AA71-998F7CB29B40}.Debug|Any CPU.Build.0 = Debug|Any CPU
		{4650F88E-EAD6-4C37-AA71-998F7CB29B40}.Debug|x64.ActiveCfg = Debug|Any CPU
		{4650F88E-EAD6-4C37-AA71-998F7CB29B40}.Debug|x64.Build.0 = Debug|Any CPU
		{4650F88E-EAD6-4C37-AA71-998F7CB29B40}.Debug|x86.ActiveCfg = Debug|Any CPU
		{4650F88E-EAD6-4C37-AA71-998F7CB29B40}.Debug|x86.Build.0 = Debug|Any CPU
		{4650F88E-EAD6-4C37-AA71-998F7CB29B40}.Release|Any CPU.ActiveCfg = Release|Any CPU
		{4650F88E-EAD6-4C37-AA71-998F7CB29B40}.Release|Any CPU.Build.0 = Release|Any CPU
		{4650F88E-EAD6-4C37-AA71-998F7CB29B40}.Release|x64.ActiveCfg = Release|Any CPU
		{4650F88E-EAD6-4C37-AA71-998F7CB29B40}.Release|x64.Build.0 = Release|Any CPU
		{4650F88E-EAD6-4C37-AA71-998F7CB29B40}.Release|x86.ActiveCfg = Release|Any CPU
		{4650F88E-EAD6-4C37-AA71-998F7CB29B40}.Release|x86.Build.0 = Release|Any CPU
		{8DCB42B5-8FA9-41FA-A4D3-B5BF694A9C35}.Debug|Any CPU.ActiveCfg = Debug|Any CPU
		{8DCB42B5-8FA9-41FA-A4D3-B5BF694A9C35}.Debug|Any CPU.Build.0 = Debug|Any CPU
		{8DCB42B5-8FA9-41FA-A4D3-B5BF694A9C35}.Debug|x64.ActiveCfg = Debug|Any CPU
		{8DCB42B5-8FA9-41FA-A4D3-B5BF694A9C35}.Debug|x64.Build.0 = Debug|Any CPU
		{8DCB42B5-8FA9-41FA-A4D3-B5BF694A9C35}.Debug|x86.ActiveCfg = Debug|Any CPU
		{8DCB42B5-8FA9-41FA-A4D3-B5BF694A9C35}.Debug|x86.Build.0 = Debug|Any CPU
		{8DCB42B5-8FA9-41FA-A4D3-B5BF694A9C35}.Release|Any CPU.ActiveCfg = Release|Any CPU
		{8DCB42B5-8FA9-41FA-A4D3-B5BF694A9C35}.Release|Any CPU.Build.0 = Release|Any CPU
		{8DCB42B5-8FA9-41FA-A4D3-B5BF694A9C35}.Release|x64.ActiveCfg = Release|Any CPU
		{8DCB42B5-8FA9-41FA-A4D3-B5BF694A9C35}.Release|x64.Build.0 = Release|Any CPU
		{8DCB42B5-8FA9-41FA-A4D3-B5BF694A9C35}.Release|x86.ActiveCfg = Release|Any CPU
		{8DCB42B5-8FA9-41FA-A4D3-B5BF694A9C35}.Release|x86.Build.0 = Release|Any CPU
		{4756F56B-6960-4395-B3C1-324E18BB0AFE}.Debug|Any CPU.ActiveCfg = Debug|Any CPU
		{4756F56B-6960-4395-B3C1-324E18BB0AFE}.Debug|Any CPU.Build.0 = Debug|Any CPU
		{4756F56B-6960-4395-B3C1-324E18BB0AFE}.Debug|x64.ActiveCfg = Debug|Any CPU
		{4756F56B-6960-4395-B3C1-324E18BB0AFE}.Debug|x64.Build.0 = Debug|Any CPU
		{4756F56B-6960-4395-B3C1-324E18BB0AFE}.Debug|x86.ActiveCfg = Debug|Any CPU
		{4756F56B-6960-4395-B3C1-324E18BB0AFE}.Debug|x86.Build.0 = Debug|Any CPU
		{4756F56B-6960-4395-B3C1-324E18BB0AFE}.Release|Any CPU.ActiveCfg = Release|Any CPU
		{4756F56B-6960-4395-B3C1-324E18BB0AFE}.Release|Any CPU.Build.0 = Release|Any CPU
		{4756F56B-6960-4395-B3C1-324E18BB0AFE}.Release|x64.ActiveCfg = Release|Any CPU
		{4756F56B-6960-4395-B3C1-324E18BB0AFE}.Release|x64.Build.0 = Release|Any CPU
		{4756F56B-6960-4395-B3C1-324E18BB0AFE}.Release|x86.ActiveCfg = Release|Any CPU
		{4756F56B-6960-4395-B3C1-324E18BB0AFE}.Release|x86.Build.0 = Release|Any CPU
		{4ECBF1FA-E7FC-4164-96F1-A17C7B774814}.Debug|Any CPU.ActiveCfg = Debug|Any CPU
		{4ECBF1FA-E7FC-4164-96F1-A17C7B774814}.Debug|Any CPU.Build.0 = Debug|Any CPU
		{4ECBF1FA-E7FC-4164-96F1-A17C7B774814}.Debug|x64.ActiveCfg = Debug|Any CPU
		{4ECBF1FA-E7FC-4164-96F1-A17C7B774814}.Debug|x64.Build.0 = Debug|Any CPU
		{4ECBF1FA-E7FC-4164-96F1-A17C7B774814}.Debug|x86.ActiveCfg = Debug|Any CPU
		{4ECBF1FA-E7FC-4164-96F1-A17C7B774814}.Debug|x86.Build.0 = Debug|Any CPU
		{4ECBF1FA-E7FC-4164-96F1-A17C7B774814}.Release|Any CPU.ActiveCfg = Release|Any CPU
		{4ECBF1FA-E7FC-4164-96F1-A17C7B774814}.Release|Any CPU.Build.0 = Release|Any CPU
		{4ECBF1FA-E7FC-4164-96F1-A17C7B774814}.Release|x64.ActiveCfg = Release|Any CPU
		{4ECBF1FA-E7FC-4164-96F1-A17C7B774814}.Release|x64.Build.0 = Release|Any CPU
		{4ECBF1FA-E7FC-4164-96F1-A17C7B774814}.Release|x86.ActiveCfg = Release|Any CPU
		{4ECBF1FA-E7FC-4164-96F1-A17C7B774814}.Release|x86.Build.0 = Release|Any CPU
	EndGlobalSection
	GlobalSection(SolutionProperties) = preSolution
		HideSolutionNode = FALSE
	EndGlobalSection
	GlobalSection(NestedProjects) = preSolution
		{292D22FB-EA31-4466-9E17-570E9CC51888} = {5DF30FDE-DD8B-4891-B9CA-02B3C4F97E07}
		{77387135-8905-4C2E-B853-F8BFDC78628D} = {5DF30FDE-DD8B-4891-B9CA-02B3C4F97E07}
		{07DE910E-A026-4DAB-ACAC-6637778FBB1A} = {0DDCE1B1-02D9-4416-8E93-CEABB1401F31}
		{5A24DBAE-5137-4CC6-BCED-A89206B604E8} = {0DDCE1B1-02D9-4416-8E93-CEABB1401F31}
		{09891285-93A0-486E-AC39-2922B8FE977A} = {08907AFA-D916-42A8-B9D7-25B7AB487377}
		{36FEC556-2A1E-4B90-BBA8-4F269AE63A0A} = {08907AFA-D916-42A8-B9D7-25B7AB487377}
		{1ECF1DE5-49C8-4EFC-B3D0-95F0A9CEE5C0} = {08907AFA-D916-42A8-B9D7-25B7AB487377}
		{8436E3C7-8B46-4AE7-A320-EE51D75AD446} = {292D22FB-EA31-4466-9E17-570E9CC51888}
		{42E7D187-A860-4749-88EE-D7A0A8D7E28D} = {292D22FB-EA31-4466-9E17-570E9CC51888}
		{B04FAC69-4970-4E2B-93F3-74F137435085} = {77387135-8905-4C2E-B853-F8BFDC78628D}
		{79CADEAA-DF40-419E-84FE-7CCE2A9BC534} = {77387135-8905-4C2E-B853-F8BFDC78628D}
		{E2AD1237-BB2A-48BC-87CD-3304A6BD5C35} = {292D22FB-EA31-4466-9E17-570E9CC51888}
		{66BBF6F2-0DCA-4474-B208-03F89ADF566D} = {07DE910E-A026-4DAB-ACAC-6637778FBB1A}
		{4650F88E-EAD6-4C37-AA71-998F7CB29B40} = {07DE910E-A026-4DAB-ACAC-6637778FBB1A}
		{8DCB42B5-8FA9-41FA-A4D3-B5BF694A9C35} = {07DE910E-A026-4DAB-ACAC-6637778FBB1A}
		{4756F56B-6960-4395-B3C1-324E18BB0AFE} = {5A24DBAE-5137-4CC6-BCED-A89206B604E8}
		{4ECBF1FA-E7FC-4164-96F1-A17C7B774814} = {5A24DBAE-5137-4CC6-BCED-A89206B604E8}
	EndGlobalSection
	GlobalSection(ExtensibilityGlobals) = postSolution
		SolutionGuid = {500205C1-FAAC-4F13-B898-0C2751F4F617}
	EndGlobalSection
EndGlobal
